
Microsoft Visual Studio Solution File, Format Version 12.00
# Visual Studio Version 16
VisualStudioVersion = 16.0.31105.61
MinimumVisualStudioVersion = 10.0.40219.1
Project("{FAE04EC0-301F-11D3-BF4B-00C04F79EFBC}") = "ConsoleGame_epam", "ConsoleGame_epam\ConsoleGame_epam.csproj", "{C682F2B7-40FC-48E2-B608-182CD31FB0F3}"
EndProject
Global
	GlobalSection(SolutionConfigurationPlatforms) = preSolution
		Debug|Any CPU = Debug|Any CPU
		Release|Any CPU = Release|Any CPU
	EndGlobalSection
	GlobalSection(ProjectConfigurationPlatforms) = postSolution
		{C682F2B7-40FC-48E2-B608-182CD31FB0F3}.Debug|Any CPU.ActiveCfg = Debug|Any CPU
		{C682F2B7-40FC-48E2-B608-182CD31FB0F3}.Debug|Any CPU.Build.0 = Debug|Any CPU
		{C682F2B7-40FC-48E2-B608-182CD31FB0F3}.Release|Any CPU.ActiveCfg = Release|Any CPU
		{C682F2B7-40FC-48E2-B608-182CD31FB0F3}.Release|Any CPU.Build.0 = Release|Any CPU
	EndGlobalSection
	GlobalSection(SolutionProperties) = preSolution
		HideSolutionNode = FALSE
	EndGlobalSection
	GlobalSection(ExtensibilityGlobals) = postSolution
		SolutionGuid = {92F4FC74-2670-41B8-88D7-63FDC088A108}
	EndGlobalSection
EndGlobal
