
Microsoft Visual Studio Solution File, Format Version 12.00
# Visual Studio Version 16
VisualStudioVersion = 16.0.31019.35
MinimumVisualStudioVersion = 10.0.40219.1
Project("{FAE04EC0-301F-11D3-BF4B-00C04F79EFBC}") = "LibraryStringCharTask", "LibraryStringCharTask\LibraryStringCharTask.csproj", "{BB023030-B4E3-49C1-BF5E-8A429EB01D4B}"
EndProject
Global
	GlobalSection(SolutionConfigurationPlatforms) = preSolution
		Debug|Any CPU = Debug|Any CPU
		Release|Any CPU = Release|Any CPU
	EndGlobalSection
	GlobalSection(ProjectConfigurationPlatforms) = postSolution
		{BB023030-B4E3-49C1-BF5E-8A429EB01D4B}.Debug|Any CPU.ActiveCfg = Debug|Any CPU
		{BB023030-B4E3-49C1-BF5E-8A429EB01D4B}.Debug|Any CPU.Build.0 = Debug|Any CPU
		{BB023030-B4E3-49C1-BF5E-8A429EB01D4B}.Release|Any CPU.ActiveCfg = Release|Any CPU
		{BB023030-B4E3-49C1-BF5E-8A429EB01D4B}.Release|Any CPU.Build.0 = Release|Any CPU
	EndGlobalSection
	GlobalSection(SolutionProperties) = preSolution
		HideSolutionNode = FALSE
	EndGlobalSection
	GlobalSection(ExtensibilityGlobals) = postSolution
		SolutionGuid = {B16803B2-B01B-477E-A0C9-231A1C76BDBC}
	EndGlobalSection
EndGlobal
